
Microsoft Visual Studio Solution File, Format Version 12.00
# Visual Studio Version 16
VisualStudioVersion = 16.0.29424.173
MinimumVisualStudioVersion = 10.0.40219.1
Project("{FAE04EC0-301F-11D3-BF4B-00C04F79EFBC}") = "PackConverterOP", "PackConverterOP\PackConverterOP.csproj", "{1D3F64D1-56C3-47F1-879D-7774DDD0AD11}"
EndProject
Global
	GlobalSection(SolutionConfigurationPlatforms) = preSolution
		Debug|Any CPU = Debug|Any CPU
		Release|Any CPU = Release|Any CPU
	EndGlobalSection
	GlobalSection(ProjectConfigurationPlatforms) = postSolution
		{1D3F64D1-56C3-47F1-879D-7774DDD0AD11}.Debug|Any CPU.ActiveCfg = Debug|Any CPU
		{1D3F64D1-56C3-47F1-879D-7774DDD0AD11}.Debug|Any CPU.Build.0 = Debug|Any CPU
		{1D3F64D1-56C3-47F1-879D-7774DDD0AD11}.Release|Any CPU.ActiveCfg = Release|Any CPU
		{1D3F64D1-56C3-47F1-879D-7774DDD0AD11}.Release|Any CPU.Build.0 = Release|Any CPU
	EndGlobalSection
	GlobalSection(SolutionProperties) = preSolution
		HideSolutionNode = FALSE
	EndGlobalSection
	GlobalSection(ExtensibilityGlobals) = postSolution
		SolutionGuid = {F1D1967B-9A1E-45A8-9E9F-F141DF9A0FCD}
	EndGlobalSection
EndGlobal
